
Microsoft Visual Studio Solution File, Format Version 12.00
# Visual Studio Version 16
VisualStudioVersion = 16.0.31624.102
MinimumVisualStudioVersion = 10.0.40219.1
Project("{FAE04EC0-301F-11D3-BF4B-00C04F79EFBC}") = "Омагад омагад 4", "Омагад омагад 4\Омагад омагад 4.csproj", "{64009F27-76AA-4EE1-8827-AE06B98841F3}"
EndProject
Global
	GlobalSection(SolutionConfigurationPlatforms) = preSolution
		Debug|Any CPU = Debug|Any CPU
		Release|Any CPU = Release|Any CPU
	EndGlobalSection
	GlobalSection(ProjectConfigurationPlatforms) = postSolution
		{64009F27-76AA-4EE1-8827-AE06B98841F3}.Debug|Any CPU.ActiveCfg = Debug|Any CPU
		{64009F27-76AA-4EE1-8827-AE06B98841F3}.Debug|Any CPU.Build.0 = Debug|Any CPU
		{64009F27-76AA-4EE1-8827-AE06B98841F3}.Release|Any CPU.ActiveCfg = Release|Any CPU
		{64009F27-76AA-4EE1-8827-AE06B98841F3}.Release|Any CPU.Build.0 = Release|Any CPU
	EndGlobalSection
	GlobalSection(SolutionProperties) = preSolution
		HideSolutionNode = FALSE
	EndGlobalSection
	GlobalSection(ExtensibilityGlobals) = postSolution
		SolutionGuid = {D7E4A4D4-AFDC-445B-BDDF-A17FA8F18F53}
	EndGlobalSection
EndGlobal
